{
    "_readme": [
        "This file locks the dependencies of your project to a known state",
        "Read more about it at https://getcomposer.org/doc/01-basic-usage.md#installing-dependencies",
        "This file is @generated automatically"
    ],
    "content-hash": "fe439983eacddea06fd324e9b438660e",
    "packages": [
        {
            "name": "joetannenbaum/alfred-workflow",
            "version": "dev-master",
            "source": {
                "type": "git",
                "url": "https://github.com/mattstein/alfred-workflow.git",
                "reference": "05dd91d65b10acff77263f440c24d030106dc943"
            },
            "dist": {
                "type": "zip",
                "url": "https://api.github.com/repos/mattstein/alfred-workflow/zipball/05dd91d65b10acff77263f440c24d030106dc943",
                "reference": "05dd91d65b10acff77263f440c24d030106dc943",
                "shasum": ""
            },
            "require": {
                "ext-json": "*",
                "php": "^7.4.0||^8.0"
            },
            "require-dev": {
                "laravel/pint": "^1.1",
                "pestphp/pest": "^3.0"
            },
            "default-branch": true,
            "type": "library",
            "autoload": {
                "psr-4": {
                    "Alfred\\Workflows\\": "src/"
                }
            },
            "license": [
                "MIT"
            ],
            "authors": [
                {
                    "name": "Joe Tannenbaum",
                    "email": "joe@joe.codes"
                }
            ],
            "description": "PHP helper for creating Alfred Workflows.",
            "homepage": "https://joe.codes",
            "support": {
                "source": "https://github.com/joetannenbaum/alfred-workflow",
                "issues": "https://github.com/joetannenbaum/alfred-workflow/issues"
            },
            "time": "2025-04-04T02:27:55+00:00"
        }
    ],
    "packages-dev": [],
    "aliases": [],
    "minimum-stability": "stable",
    "stability-flags": {
        "joetannenbaum/alfred-workflow": 20
    },
    "prefer-stable": false,
    "prefer-lowest": false,
    "platform": {
        "php": "^8.0"
    },
    "platform-dev": {},
    "plugin-api-version": "2.6.0"
}
